
Microsoft Visual Studio Solution File, Format Version 12.00
# Visual Studio 2012
Project("{FAE04EC0-301F-11D3-BF4B-00C04F79EFBC}") = "BatGame", "BatGame\BatGame\BatGame.csproj", "{06157F9D-DB24-42D6-B2FB-2560211FDB49}"
EndProject
Project("{96E2B04D-8817-42C6-938A-82C39BA4D311}") = "BatGameContent", "BatGame\BatGameContent\BatGameContent.contentproj", "{BC4E67C7-B128-43DF-BE96-6A44B4F3B542}"
EndProject
Global
	GlobalSection(SolutionConfigurationPlatforms) = preSolution
		Debug|x86 = Debug|x86
		Release|x86 = Release|x86
	EndGlobalSection
	GlobalSection(ProjectConfigurationPlatforms) = postSolution
		{06157F9D-DB24-42D6-B2FB-2560211FDB49}.Debug|x86.ActiveCfg = Debug|x86
		{06157F9D-DB24-42D6-B2FB-2560211FDB49}.Debug|x86.Build.0 = Debug|x86
		{06157F9D-DB24-42D6-B2FB-2560211FDB49}.Release|x86.ActiveCfg = Release|x86
		{06157F9D-DB24-42D6-B2FB-2560211FDB49}.Release|x86.Build.0 = Release|x86
		{BC4E67C7-B128-43DF-BE96-6A44B4F3B542}.Debug|x86.ActiveCfg = Debug|x86
		{BC4E67C7-B128-43DF-BE96-6A44B4F3B542}.Release|x86.ActiveCfg = Release|x86
	EndGlobalSection
	GlobalSection(SolutionProperties) = preSolution
		HideSolutionNode = FALSE
	EndGlobalSection
EndGlobal
